
Microsoft Visual Studio Solution File, Format Version 12.00
# Visual Studio Version 16
VisualStudioVersion = 16.0.33423.256
MinimumVisualStudioVersion = 10.0.40219.1
Project("{FAE04EC0-301F-11D3-BF4B-00C04F79EFBC}") = "WpfRNA", "WpfRNA\WpfRNA.csproj", "{5DCF061E-99F7-4438-AF16-503EF88653DE}"
EndProject
Global
	GlobalSection(SolutionConfigurationPlatforms) = preSolution
		Debug|Any CPU = Debug|Any CPU
		Release|Any CPU = Release|Any CPU
	EndGlobalSection
	GlobalSection(ProjectConfigurationPlatforms) = postSolution
		{5DCF061E-99F7-4438-AF16-503EF88653DE}.Debug|Any CPU.ActiveCfg = Debug|Any CPU
		{5DCF061E-99F7-4438-AF16-503EF88653DE}.Debug|Any CPU.Build.0 = Debug|Any CPU
		{5DCF061E-99F7-4438-AF16-503EF88653DE}.Release|Any CPU.ActiveCfg = Release|Any CPU
		{5DCF061E-99F7-4438-AF16-503EF88653DE}.Release|Any CPU.Build.0 = Release|Any CPU
	EndGlobalSection
	GlobalSection(SolutionProperties) = preSolution
		HideSolutionNode = FALSE
	EndGlobalSection
	GlobalSection(ExtensibilityGlobals) = postSolution
		SolutionGuid = {C678774E-F695-4802-BD10-32733B032E09}
	EndGlobalSection
EndGlobal
